
Microsoft Visual Studio Solution File, Format Version 12.00
# Visual Studio 15
VisualStudioVersion = 15.0.28307.329
MinimumVisualStudioVersion = 10.0.40219.1
Project("{FAE04EC0-301F-11D3-BF4B-00C04F79EFBC}") = "WebApi.NetFx", "WebApi.NetFx\WebApi.NetFx.csproj", "{C0FD5C86-D6B3-4B95-8764-873E1B9ADBD5}"
EndProject
Project("{E53339B2-1760-4266-BCC7-CA923CBCF16C}") = "docker-compose", "docker-compose.dcproj", "{78B5E76E-5E1E-4B4E-857A-57CF14B210F5}"
EndProject
Global
	GlobalSection(SolutionConfigurationPlatforms) = preSolution
		Debug|Any CPU = Debug|Any CPU
		Release|Any CPU = Release|Any CPU
	EndGlobalSection
	GlobalSection(ProjectConfigurationPlatforms) = postSolution
		{C0FD5C86-D6B3-4B95-8764-873E1B9ADBD5}.Debug|Any CPU.ActiveCfg = Debug|Any CPU
		{C0FD5C86-D6B3-4B95-8764-873E1B9ADBD5}.Debug|Any CPU.Build.0 = Debug|Any CPU
		{C0FD5C86-D6B3-4B95-8764-873E1B9ADBD5}.Release|Any CPU.ActiveCfg = Release|Any CPU
		{C0FD5C86-D6B3-4B95-8764-873E1B9ADBD5}.Release|Any CPU.Build.0 = Release|Any CPU
		{78B5E76E-5E1E-4B4E-857A-57CF14B210F5}.Debug|Any CPU.ActiveCfg = Debug|Any CPU
		{78B5E76E-5E1E-4B4E-857A-57CF14B210F5}.Debug|Any CPU.Build.0 = Debug|Any CPU
		{78B5E76E-5E1E-4B4E-857A-57CF14B210F5}.Release|Any CPU.ActiveCfg = Release|Any CPU
		{78B5E76E-5E1E-4B4E-857A-57CF14B210F5}.Release|Any CPU.Build.0 = Release|Any CPU
	EndGlobalSection
	GlobalSection(SolutionProperties) = preSolution
		HideSolutionNode = FALSE
	EndGlobalSection
	GlobalSection(ExtensibilityGlobals) = postSolution
		SolutionGuid = {67E214D5-8873-4865-A328-A6CF4FA23EB5}
	EndGlobalSection
EndGlobal
