
Microsoft Visual Studio Solution File, Format Version 12.00
# Visual Studio 15
VisualStudioVersion = 15.0.26430.14
MinimumVisualStudioVersion = 10.0.40219.1
Project("{2150E333-8FDC-42A3-9474-1A3956D46DE8}") = "MessageHandlers", "MessageHandlers", "{0089B5A8-38D1-4C9C-8A3F-0E516F1E7360}"
EndProject
Project("{FAE04EC0-301F-11D3-BF4B-00C04F79EFBC}") = "NerdDinner", "NerdDinner\NerdDinner.csproj", "{895CEE2D-D913-427F-9BFF-1343EC5CAAC4}"
EndProject
Project("{FAE04EC0-301F-11D3-BF4B-00C04F79EFBC}") = "NerdDinner.Model", "NerdDinner.Model\NerdDinner.Model.csproj", "{8BE3F181-C678-48F7-A83C-11E93C03AE21}"
EndProject
Project("{9A19103F-16F7-4668-BE54-9A1E7A4F7556}") = "NerdDinner.Messaging", "NerdDinner.Messaging\NerdDinner.Messaging.csproj", "{7A37C4E7-19B5-4699-ACD0-BDDBF0C9C85F}"
EndProject
Project("{FAE04EC0-301F-11D3-BF4B-00C04F79EFBC}") = "NerdDinner.MessageHandlers.SaveDinner", "NerdDinner.MessageHandlers.SaveDinner\NerdDinner.MessageHandlers.SaveDinner.csproj", "{24C15AAA-C940-4028-8C1E-1672EF963330}"
EndProject
Project("{9A19103F-16F7-4668-BE54-9A1E7A4F7556}") = "NerdDinner.MessageHandlers.IndexDinner", "NerdDinner.MessageHandlers.IndexDinner\NerdDinner.MessageHandlers.IndexDinner.csproj", "{DA4B9E06-5913-4BE7-8123-7CC0B9B1B5F7}"
EndProject
Project("{FAE04EC0-301F-11D3-BF4B-00C04F79EFBC}") = "NerdDinner.Core", "NerdDinner.Core\NerdDinner.Core.csproj", "{F31FA67D-D32B-48AD-9962-7A06089C9EC6}"
EndProject
Global
	GlobalSection(SolutionConfigurationPlatforms) = preSolution
		Debug|Any CPU = Debug|Any CPU
		Release|Any CPU = Release|Any CPU
	EndGlobalSection
	GlobalSection(ProjectConfigurationPlatforms) = postSolution
		{895CEE2D-D913-427F-9BFF-1343EC5CAAC4}.Debug|Any CPU.ActiveCfg = Debug|Any CPU
		{895CEE2D-D913-427F-9BFF-1343EC5CAAC4}.Debug|Any CPU.Build.0 = Debug|Any CPU
		{895CEE2D-D913-427F-9BFF-1343EC5CAAC4}.Release|Any CPU.ActiveCfg = Release|Any CPU
		{895CEE2D-D913-427F-9BFF-1343EC5CAAC4}.Release|Any CPU.Build.0 = Release|Any CPU
		{8BE3F181-C678-48F7-A83C-11E93C03AE21}.Debug|Any CPU.ActiveCfg = Debug|Any CPU
		{8BE3F181-C678-48F7-A83C-11E93C03AE21}.Debug|Any CPU.Build.0 = Debug|Any CPU
		{8BE3F181-C678-48F7-A83C-11E93C03AE21}.Release|Any CPU.ActiveCfg = Release|Any CPU
		{8BE3F181-C678-48F7-A83C-11E93C03AE21}.Release|Any CPU.Build.0 = Release|Any CPU
		{7A37C4E7-19B5-4699-ACD0-BDDBF0C9C85F}.Debug|Any CPU.ActiveCfg = Debug|Any CPU
		{7A37C4E7-19B5-4699-ACD0-BDDBF0C9C85F}.Debug|Any CPU.Build.0 = Debug|Any CPU
		{7A37C4E7-19B5-4699-ACD0-BDDBF0C9C85F}.Release|Any CPU.ActiveCfg = Release|Any CPU
		{7A37C4E7-19B5-4699-ACD0-BDDBF0C9C85F}.Release|Any CPU.Build.0 = Release|Any CPU
		{24C15AAA-C940-4028-8C1E-1672EF963330}.Debug|Any CPU.ActiveCfg = Debug|Any CPU
		{24C15AAA-C940-4028-8C1E-1672EF963330}.Debug|Any CPU.Build.0 = Debug|Any CPU
		{24C15AAA-C940-4028-8C1E-1672EF963330}.Release|Any CPU.ActiveCfg = Release|Any CPU
		{24C15AAA-C940-4028-8C1E-1672EF963330}.Release|Any CPU.Build.0 = Release|Any CPU
		{DA4B9E06-5913-4BE7-8123-7CC0B9B1B5F7}.Debug|Any CPU.ActiveCfg = Debug|Any CPU
		{DA4B9E06-5913-4BE7-8123-7CC0B9B1B5F7}.Debug|Any CPU.Build.0 = Debug|Any CPU
		{DA4B9E06-5913-4BE7-8123-7CC0B9B1B5F7}.Release|Any CPU.ActiveCfg = Release|Any CPU
		{DA4B9E06-5913-4BE7-8123-7CC0B9B1B5F7}.Release|Any CPU.Build.0 = Release|Any CPU
		{F31FA67D-D32B-48AD-9962-7A06089C9EC6}.Debug|Any CPU.ActiveCfg = Debug|Any CPU
		{F31FA67D-D32B-48AD-9962-7A06089C9EC6}.Debug|Any CPU.Build.0 = Debug|Any CPU
		{F31FA67D-D32B-48AD-9962-7A06089C9EC6}.Release|Any CPU.ActiveCfg = Release|Any CPU
		{F31FA67D-D32B-48AD-9962-7A06089C9EC6}.Release|Any CPU.Build.0 = Release|Any CPU
	EndGlobalSection
	GlobalSection(SolutionProperties) = preSolution
		HideSolutionNode = FALSE
	EndGlobalSection
	GlobalSection(NestedProjects) = preSolution
		{24C15AAA-C940-4028-8C1E-1672EF963330} = {0089B5A8-38D1-4C9C-8A3F-0E516F1E7360}
		{DA4B9E06-5913-4BE7-8123-7CC0B9B1B5F7} = {0089B5A8-38D1-4C9C-8A3F-0E516F1E7360}
	EndGlobalSection
	GlobalSection(ExtensibilityGlobals) = postSolution
		SolutionGuid = {75BE941F-BF85-47E0-9C2C-A643F0AC0037}
	EndGlobalSection
EndGlobal
